{
  "nodes": {
    "nixpkgs": {
      "locked": {
        "lastModified": 1721962658,
        "narHash": "sha256-a+f+HXbbEuy4Xk5ZWeyNPI2n1p1y4VK9xMOuapqF+X0=",
        "owner": "NixOS",
        "repo": "nixpkgs",
        "rev": "0f410837baf3eb15f2da347a3a56bbf8c3b374ff",
        "type": "github"
      },
      "original": {
        "owner": "NixOS",
        "ref": "master",
        "repo": "nixpkgs",
        "type": "github"
      }
    },
    "root": {
      "inputs": {
        "nixpkgs": "nixpkgs"
      }
    }
  },
  "root": "root",
  "version": 7
}
